
Microsoft Visual Studio Solution File, Format Version 12.00
# Visual Studio Version 17
VisualStudioVersion = 17.11.35219.272
MinimumVisualStudioVersion = 10.0.40219.1
Project("{2150E333-8FDC-42A3-9474-1A3956D46DE8}") = "src", "src", "{ADC3D566-4983-4991-ABAF-16F17E17F806}"
EndProject
Project("{9A19103F-16F7-4668-BE54-9A1E7A4F7556}") = "Contracts.ChainEvaluationHandler.Console", "src\Contracts.ChainEvaluationHandler.Console\Contracts.ChainEvaluationHandler.Console.csproj", "{2E533EDF-7635-4DFB-B23B-C576AD61A211}"
EndProject
Project("{FAE04EC0-301F-11D3-BF4B-00C04F79EFBC}") = "Contracts.ChainEvaluationHandler", "src\Contracts.ChainEvaluationHandler\Contracts.ChainEvaluationHandler.csproj", "{160611FE-26AD-4FAA-9B6C-2100093C21EE}"
EndProject
Project("{FAE04EC0-301F-11D3-BF4B-00C04F79EFBC}") = "Contracts.Mapper", "src\Contracts.Mapper\Contracts.Mapper.csproj", "{42017B9A-2079-4E1B-A7CF-637B4F311199}"
EndProject
Project("{FAE04EC0-301F-11D3-BF4B-00C04F79EFBC}") = "Contracts.Logging", "src\Contracts.Logging\Contracts.Logging.csproj", "{DFCCC277-5848-4D1A-BCB0-6E2D62F29FAA}"
EndProject
Project("{FAE04EC0-301F-11D3-BF4B-00C04F79EFBC}") = "Contracts.ChainEvaluationHandler.UnitTests", "tests\Contracts.ChainEvaluationHandler.UnitTests\Contracts.ChainEvaluationHandler.UnitTests.csproj", "{01F3141C-13C5-4E56-AD7C-AA70524A61AC}"
EndProject
Project("{2150E333-8FDC-42A3-9474-1A3956D46DE8}") = "tests", "tests", "{52CCDB7A-64AE-42A6-82CC-3785AF330F84}"
EndProject
Global
	GlobalSection(SolutionConfigurationPlatforms) = preSolution
		Debug|Any CPU = Debug|Any CPU
		Debug|x64 = Debug|x64
		Debug|x86 = Debug|x86
		Release|Any CPU = Release|Any CPU
		Release|x64 = Release|x64
		Release|x86 = Release|x86
	EndGlobalSection
	GlobalSection(ProjectConfigurationPlatforms) = postSolution
		{2E533EDF-7635-4DFB-B23B-C576AD61A211}.Debug|Any CPU.ActiveCfg = Debug|Any CPU
		{2E533EDF-7635-4DFB-B23B-C576AD61A211}.Debug|Any CPU.Build.0 = Debug|Any CPU
		{2E533EDF-7635-4DFB-B23B-C576AD61A211}.Debug|x64.ActiveCfg = Debug|Any CPU
		{2E533EDF-7635-4DFB-B23B-C576AD61A211}.Debug|x64.Build.0 = Debug|Any CPU
		{2E533EDF-7635-4DFB-B23B-C576AD61A211}.Debug|x86.ActiveCfg = Debug|Any CPU
		{2E533EDF-7635-4DFB-B23B-C576AD61A211}.Debug|x86.Build.0 = Debug|Any CPU
		{2E533EDF-7635-4DFB-B23B-C576AD61A211}.Release|Any CPU.ActiveCfg = Release|Any CPU
		{2E533EDF-7635-4DFB-B23B-C576AD61A211}.Release|Any CPU.Build.0 = Release|Any CPU
		{2E533EDF-7635-4DFB-B23B-C576AD61A211}.Release|x64.ActiveCfg = Release|Any CPU
		{2E533EDF-7635-4DFB-B23B-C576AD61A211}.Release|x64.Build.0 = Release|Any CPU
		{2E533EDF-7635-4DFB-B23B-C576AD61A211}.Release|x86.ActiveCfg = Release|Any CPU
		{2E533EDF-7635-4DFB-B23B-C576AD61A211}.Release|x86.Build.0 = Release|Any CPU
		{160611FE-26AD-4FAA-9B6C-2100093C21EE}.Debug|Any CPU.ActiveCfg = Debug|Any CPU
		{160611FE-26AD-4FAA-9B6C-2100093C21EE}.Debug|Any CPU.Build.0 = Debug|Any CPU
		{160611FE-26AD-4FAA-9B6C-2100093C21EE}.Debug|x64.ActiveCfg = Debug|Any CPU
		{160611FE-26AD-4FAA-9B6C-2100093C21EE}.Debug|x64.Build.0 = Debug|Any CPU
		{160611FE-26AD-4FAA-9B6C-2100093C21EE}.Debug|x86.ActiveCfg = Debug|Any CPU
		{160611FE-26AD-4FAA-9B6C-2100093C21EE}.Debug|x86.Build.0 = Debug|Any CPU
		{160611FE-26AD-4FAA-9B6C-2100093C21EE}.Release|Any CPU.ActiveCfg = Release|Any CPU
		{160611FE-26AD-4FAA-9B6C-2100093C21EE}.Release|Any CPU.Build.0 = Release|Any CPU
		{160611FE-26AD-4FAA-9B6C-2100093C21EE}.Release|x64.ActiveCfg = Release|Any CPU
		{160611FE-26AD-4FAA-9B6C-2100093C21EE}.Release|x64.Build.0 = Release|Any CPU
		{160611FE-26AD-4FAA-9B6C-2100093C21EE}.Release|x86.ActiveCfg = Release|Any CPU
		{160611FE-26AD-4FAA-9B6C-2100093C21EE}.Release|x86.Build.0 = Release|Any CPU
		{42017B9A-2079-4E1B-A7CF-637B4F311199}.Debug|Any CPU.ActiveCfg = Debug|Any CPU
		{42017B9A-2079-4E1B-A7CF-637B4F311199}.Debug|Any CPU.Build.0 = Debug|Any CPU
		{42017B9A-2079-4E1B-A7CF-637B4F311199}.Debug|x64.ActiveCfg = Debug|Any CPU
		{42017B9A-2079-4E1B-A7CF-637B4F311199}.Debug|x64.Build.0 = Debug|Any CPU
		{42017B9A-2079-4E1B-A7CF-637B4F311199}.Debug|x86.ActiveCfg = Debug|Any CPU
		{42017B9A-2079-4E1B-A7CF-637B4F311199}.Debug|x86.Build.0 = Debug|Any CPU
		{42017B9A-2079-4E1B-A7CF-637B4F311199}.Release|Any CPU.ActiveCfg = Release|Any CPU
		{42017B9A-2079-4E1B-A7CF-637B4F311199}.Release|Any CPU.Build.0 = Release|Any CPU
		{42017B9A-2079-4E1B-A7CF-637B4F311199}.Release|x64.ActiveCfg = Release|Any CPU
		{42017B9A-2079-4E1B-A7CF-637B4F311199}.Release|x64.Build.0 = Release|Any CPU
		{42017B9A-2079-4E1B-A7CF-637B4F311199}.Release|x86.ActiveCfg = Release|Any CPU
		{42017B9A-2079-4E1B-A7CF-637B4F311199}.Release|x86.Build.0 = Release|Any CPU
		{DFCCC277-5848-4D1A-BCB0-6E2D62F29FAA}.Debug|Any CPU.ActiveCfg = Debug|Any CPU
		{DFCCC277-5848-4D1A-BCB0-6E2D62F29FAA}.Debug|Any CPU.Build.0 = Debug|Any CPU
		{DFCCC277-5848-4D1A-BCB0-6E2D62F29FAA}.Debug|x64.ActiveCfg = Debug|Any CPU
		{DFCCC277-5848-4D1A-BCB0-6E2D62F29FAA}.Debug|x64.Build.0 = Debug|Any CPU
		{DFCCC277-5848-4D1A-BCB0-6E2D62F29FAA}.Debug|x86.ActiveCfg = Debug|Any CPU
		{DFCCC277-5848-4D1A-BCB0-6E2D62F29FAA}.Debug|x86.Build.0 = Debug|Any CPU
		{DFCCC277-5848-4D1A-BCB0-6E2D62F29FAA}.Release|Any CPU.ActiveCfg = Release|Any CPU
		{DFCCC277-5848-4D1A-BCB0-6E2D62F29FAA}.Release|Any CPU.Build.0 = Release|Any CPU
		{DFCCC277-5848-4D1A-BCB0-6E2D62F29FAA}.Release|x64.ActiveCfg = Release|Any CPU
		{DFCCC277-5848-4D1A-BCB0-6E2D62F29FAA}.Release|x64.Build.0 = Release|Any CPU
		{DFCCC277-5848-4D1A-BCB0-6E2D62F29FAA}.Release|x86.ActiveCfg = Release|Any CPU
		{DFCCC277-5848-4D1A-BCB0-6E2D62F29FAA}.Release|x86.Build.0 = Release|Any CPU
		{01F3141C-13C5-4E56-AD7C-AA70524A61AC}.Debug|Any CPU.ActiveCfg = Debug|Any CPU
		{01F3141C-13C5-4E56-AD7C-AA70524A61AC}.Debug|Any CPU.Build.0 = Debug|Any CPU
		{01F3141C-13C5-4E56-AD7C-AA70524A61AC}.Debug|x64.ActiveCfg = Debug|Any CPU
		{01F3141C-13C5-4E56-AD7C-AA70524A61AC}.Debug|x64.Build.0 = Debug|Any CPU
		{01F3141C-13C5-4E56-AD7C-AA70524A61AC}.Debug|x86.ActiveCfg = Debug|Any CPU
		{01F3141C-13C5-4E56-AD7C-AA70524A61AC}.Debug|x86.Build.0 = Debug|Any CPU
		{01F3141C-13C5-4E56-AD7C-AA70524A61AC}.Release|Any CPU.ActiveCfg = Release|Any CPU
		{01F3141C-13C5-4E56-AD7C-AA70524A61AC}.Release|Any CPU.Build.0 = Release|Any CPU
		{01F3141C-13C5-4E56-AD7C-AA70524A61AC}.Release|x64.ActiveCfg = Release|Any CPU
		{01F3141C-13C5-4E56-AD7C-AA70524A61AC}.Release|x64.Build.0 = Release|Any CPU
		{01F3141C-13C5-4E56-AD7C-AA70524A61AC}.Release|x86.ActiveCfg = Release|Any CPU
		{01F3141C-13C5-4E56-AD7C-AA70524A61AC}.Release|x86.Build.0 = Release|Any CPU
	EndGlobalSection
	GlobalSection(SolutionProperties) = preSolution
		HideSolutionNode = FALSE
	EndGlobalSection
	GlobalSection(NestedProjects) = preSolution
		{2E533EDF-7635-4DFB-B23B-C576AD61A211} = {ADC3D566-4983-4991-ABAF-16F17E17F806}
		{160611FE-26AD-4FAA-9B6C-2100093C21EE} = {ADC3D566-4983-4991-ABAF-16F17E17F806}
		{42017B9A-2079-4E1B-A7CF-637B4F311199} = {ADC3D566-4983-4991-ABAF-16F17E17F806}
		{DFCCC277-5848-4D1A-BCB0-6E2D62F29FAA} = {ADC3D566-4983-4991-ABAF-16F17E17F806}
		{01F3141C-13C5-4E56-AD7C-AA70524A61AC} = {ADC3D566-4983-4991-ABAF-16F17E17F806}
	EndGlobalSection
	GlobalSection(ExtensibilityGlobals) = postSolution
		SolutionGuid = {30BE7449-2427-4C45-AD14-6A1366991395}
	EndGlobalSection
EndGlobal
